
Microsoft Visual Studio Solution File, Format Version 12.00
# Visual Studio Version 17
VisualStudioVersion = 17.10.35122.118
MinimumVisualStudioVersion = 10.0.40219.1
Project("{9A19103F-16F7-4668-BE54-9A1E7A4F7556}") = "ToDoListApplication", "ToDoListApplication.csproj", "{E71B7734-B4C4-4C43-85DA-29FDB4773DEA}"
EndProject
Global
	GlobalSection(SolutionConfigurationPlatforms) = preSolution
		Debug|Any CPU = Debug|Any CPU
		Release|Any CPU = Release|Any CPU
	EndGlobalSection
	GlobalSection(ProjectConfigurationPlatforms) = postSolution
		{E71B7734-B4C4-4C43-85DA-29FDB4773DEA}.Debug|Any CPU.ActiveCfg = Debug|Any CPU
		{E71B7734-B4C4-4C43-85DA-29FDB4773DEA}.Debug|Any CPU.Build.0 = Debug|Any CPU
		{E71B7734-B4C4-4C43-85DA-29FDB4773DEA}.Release|Any CPU.ActiveCfg = Release|Any CPU
		{E71B7734-B4C4-4C43-85DA-29FDB4773DEA}.Release|Any CPU.Build.0 = Release|Any CPU
	EndGlobalSection
	GlobalSection(SolutionProperties) = preSolution
		HideSolutionNode = FALSE
	EndGlobalSection
	GlobalSection(ExtensibilityGlobals) = postSolution
		SolutionGuid = {796BD527-D594-4511-A7B4-5160E40B6A29}
	EndGlobalSection
EndGlobal
